
Microsoft Visual Studio Solution File, Format Version 12.00
# Visual Studio Version 16
VisualStudioVersion = 16.0.30114.105
MinimumVisualStudioVersion = 10.0.40219.1
Project("{8BC9CEB8-8B4A-11D0-8D11-00A0C91BC942}") = "Units", "Units\Units.vcxproj", "{D6E7C924-8438-4C13-883F-FA27D64BAE8E}"
EndProject
Global
	GlobalSection(SolutionConfigurationPlatforms) = preSolution
		Debug|x64 = Debug|x64
		Debug|x86 = Debug|x86
		Release|x64 = Release|x64
		Release|x86 = Release|x86
	EndGlobalSection
	GlobalSection(ProjectConfigurationPlatforms) = postSolution
		{D6E7C924-8438-4C13-883F-FA27D64BAE8E}.Debug|x64.ActiveCfg = Debug|x64
		{D6E7C924-8438-4C13-883F-FA27D64BAE8E}.Debug|x64.Build.0 = Debug|x64
		{D6E7C924-8438-4C13-883F-FA27D64BAE8E}.Debug|x86.ActiveCfg = Debug|Win32
		{D6E7C924-8438-4C13-883F-FA27D64BAE8E}.Debug|x86.Build.0 = Debug|Win32
		{D6E7C924-8438-4C13-883F-FA27D64BAE8E}.Release|x64.ActiveCfg = Release|x64
		{D6E7C924-8438-4C13-883F-FA27D64BAE8E}.Release|x64.Build.0 = Release|x64
		{D6E7C924-8438-4C13-883F-FA27D64BAE8E}.Release|x86.ActiveCfg = Release|Win32
		{D6E7C924-8438-4C13-883F-FA27D64BAE8E}.Release|x86.Build.0 = Release|Win32
	EndGlobalSection
	GlobalSection(SolutionProperties) = preSolution
		HideSolutionNode = FALSE
	EndGlobalSection
	GlobalSection(ExtensibilityGlobals) = postSolution
		SolutionGuid = {241128B6-F3C0-4FA2-BBA4-E042F13F209B}
	EndGlobalSection
EndGlobal
